// !$*UTF8*$!
{
	archiveVersion = 1;
	classes = {
	};
	objectVersion = 56;
	objects = {

/* Begin PBXBuildFile section */
		B031EFE729C8D8BA00B7F00F /* ImageModel.swift in Sources */ = {isa = PBXBuildFile; fileRef = B031EFE629C8D8BA00B7F00F /* ImageModel.swift */; };
		B031F00F29CC2E4100B7F00F /* QuoteGeneratorViewModel.swift in Sources */ = {isa = PBXBuildFile; fileRef = B031F00E29CC2E4100B7F00F /* QuoteGeneratorViewModel.swift */; };
		B031F01129CC5D0A00B7F00F /* Memento.swift in Sources */ = {isa = PBXBuildFile; fileRef = B031F01029CC5D0A00B7F00F /* Memento.swift */; };
		B031F02F29D42E4700B7F00F /* Originator.swift in Sources */ = {isa = PBXBuildFile; fileRef = B031F02E29D42E4700B7F00F /* Originator.swift */; };
		B031F03429D47E7E00B7F00F /* ViewExtension.swift in Sources */ = {isa = PBXBuildFile; fileRef = B031F03329D47E7E00B7F00F /* ViewExtension.swift */; };
		B031F03629D4A82300B7F00F /* NetworkManager.swift in Sources */ = {isa = PBXBuildFile; fileRef = B031F03529D4A82200B7F00F /* NetworkManager.swift */; };
		B095ED142A213F0B00C6D653 /* Виджая_Отчёт_Индивидуальный_Проект.pdf in Resources */ = {isa = PBXBuildFile; fileRef = B095ED132A213F0B00C6D653 /* Виджая_Отчёт_Индивидуальный_Проект.pdf */; };
		B095ED162A2140B000C6D653 /* demo.gif in Resources */ = {isa = PBXBuildFile; fileRef = B095ED152A2140B000C6D653 /* demo.gif */; };
		B0CAE79E29C7FE6100E8A31E /* MementoQuotesApp.swift in Sources */ = {isa = PBXBuildFile; fileRef = B0CAE79D29C7FE6100E8A31E /* MementoQuotesApp.swift */; };
		B0CAE7A029C7FE6100E8A31E /* QuoteGeneratorView.swift in Sources */ = {isa = PBXBuildFile; fileRef = B0CAE79F29C7FE6100E8A31E /* QuoteGeneratorView.swift */; };
		B0CAE7A229C7FE6300E8A31E /* Assets.xcassets in Resources */ = {isa = PBXBuildFile; fileRef = B0CAE7A129C7FE6300E8A31E /* Assets.xcassets */; };
		B0CAE7A529C7FE6300E8A31E /* Preview Assets.xcassets in Resources */ = {isa = PBXBuildFile; fileRef = B0CAE7A429C7FE6300E8A31E /* Preview Assets.xcassets */; };
		B0CAE7AC29C7FF0600E8A31E /* QuoteModel.swift in Sources */ = {isa = PBXBuildFile; fileRef = B0CAE7AB29C7FF0600E8A31E /* QuoteModel.swift */; };
		B0CAE7AE29C7FF9400E8A31E /* Utils.swift in Sources */ = {isa = PBXBuildFile; fileRef = B0CAE7AD29C7FF9400E8A31E /* Utils.swift */; };
		B0CAE7B229C804E200E8A31E /* Env.swift in Sources */ = {isa = PBXBuildFile; fileRef = B0CAE7B129C804E200E8A31E /* Env.swift */; };
		B0D13FD229DB3B8800841038 /* .gitignore in Resources */ = {isa = PBXBuildFile; fileRef = B0D13FD129DB3B8800841038 /* .gitignore */; };
/* End PBXBuildFile section */

/* Begin PBXFileReference section */
		B031EFE629C8D8BA00B7F00F /* ImageModel.swift */ = {isa = PBXFileReference; lastKnownFileType = sourcecode.swift; path = ImageModel.swift; sourceTree = "<group>"; };
		B031F00E29CC2E4100B7F00F /* QuoteGeneratorViewModel.swift */ = {isa = PBXFileReference; lastKnownFileType = sourcecode.swift; path = QuoteGeneratorViewModel.swift; sourceTree = "<group>"; };
		B031F01029CC5D0A00B7F00F /* Memento.swift */ = {isa = PBXFileReference; lastKnownFileType = sourcecode.swift; path = Memento.swift; sourceTree = "<group>"; };
		B031F02E29D42E4700B7F00F /* Originator.swift */ = {isa = PBXFileReference; lastKnownFileType = sourcecode.swift; path = Originator.swift; sourceTree = "<group>"; };
		B031F03329D47E7E00B7F00F /* ViewExtension.swift */ = {isa = PBXFileReference; lastKnownFileType = sourcecode.swift; path = ViewExtension.swift; sourceTree = "<group>"; };
		B031F03529D4A82200B7F00F /* NetworkManager.swift */ = {isa = PBXFileReference; lastKnownFileType = sourcecode.swift; path = NetworkManager.swift; sourceTree = "<group>"; };
		B095ED132A213F0B00C6D653 /* Виджая_Отчёт_Индивидуальный_Проект.pdf */ = {isa = PBXFileReference; lastKnownFileType = image.pdf; path = "Виджая_Отчёт_Индивидуальный_Проект.pdf"; sourceTree = "<group>"; };
		B095ED152A2140B000C6D653 /* demo.gif */ = {isa = PBXFileReference; lastKnownFileType = image.gif; path = demo.gif; sourceTree = "<group>"; };
		B0CAE79A29C7FE6100E8A31E /* MementoQuotes.app */ = {isa = PBXFileReference; explicitFileType = wrapper.application; includeInIndex = 0; path = MementoQuotes.app; sourceTree = BUILT_PRODUCTS_DIR; };
		B0CAE79D29C7FE6100E8A31E /* MementoQuotesApp.swift */ = {isa = PBXFileReference; lastKnownFileType = sourcecode.swift; path = MementoQuotesApp.swift; sourceTree = "<group>"; };
		B0CAE79F29C7FE6100E8A31E /* QuoteGeneratorView.swift */ = {isa = PBXFileReference; lastKnownFileType = sourcecode.swift; path = QuoteGeneratorView.swift; sourceTree = "<group>"; };
		B0CAE7A129C7FE6300E8A31E /* Assets.xcassets */ = {isa = PBXFileReference; lastKnownFileType = folder.assetcatalog; path = Assets.xcassets; sourceTree = "<group>"; };
		B0CAE7A429C7FE6300E8A31E /* Preview Assets.xcassets */ = {isa = PBXFileReference; lastKnownFileType = folder.assetcatalog; path = "Preview Assets.xcassets"; sourceTree = "<group>"; };
		B0CAE7AB29C7FF0600E8A31E /* QuoteModel.swift */ = {isa = PBXFileReference; lastKnownFileType = sourcecode.swift; path = QuoteModel.swift; sourceTree = "<group>"; };
		B0CAE7AD29C7FF9400E8A31E /* Utils.swift */ = {isa = PBXFileReference; lastKnownFileType = sourcecode.swift; path = Utils.swift; sourceTree = "<group>"; };
		B0CAE7AF29C8037700E8A31E /* Config.xcconfig */ = {isa = PBXFileReference; lastKnownFileType = text.xcconfig; path = Config.xcconfig; sourceTree = "<group>"; };
		B0CAE7B029C8048B00E8A31E /* Info.plist */ = {isa = PBXFileReference; lastKnownFileType = text.plist; path = Info.plist; sourceTree = "<group>"; };
		B0CAE7B129C804E200E8A31E /* Env.swift */ = {isa = PBXFileReference; lastKnownFileType = sourcecode.swift; path = Env.swift; sourceTree = "<group>"; };
		B0D13FD129DB3B8800841038 /* .gitignore */ = {isa = PBXFileReference; lastKnownFileType = text; path = .gitignore; sourceTree = "<group>"; };
/* End PBXFileReference section */

/* Begin PBXFrameworksBuildPhase section */
		B0CAE79729C7FE6100E8A31E /* Frameworks */ = {
			isa = PBXFrameworksBuildPhase;
			buildActionMask = 2147483647;
			files = (
			);
			runOnlyForDeploymentPostprocessing = 0;
		};
/* End PBXFrameworksBuildPhase section */

/* Begin PBXGroup section */
		B031F02D29D42E3D00B7F00F /* Memento */ = {
			isa = PBXGroup;
			children = (
				B031F01029CC5D0A00B7F00F /* Memento.swift */,
				B031F02E29D42E4700B7F00F /* Originator.swift */,
			);
			path = Memento;
			sourceTree = "<group>";
		};
		B031F03029D4302C00B7F00F /* Model */ = {
			isa = PBXGroup;
			children = (
				B031EFE629C8D8BA00B7F00F /* ImageModel.swift */,
				B0CAE7AB29C7FF0600E8A31E /* QuoteModel.swift */,
			);
			path = Model;
			sourceTree = "<group>";
		};
		B031F03129D431F800B7F00F /* ViewModel */ = {
			isa = PBXGroup;
			children = (
				B031F00E29CC2E4100B7F00F /* QuoteGeneratorViewModel.swift */,
			);
			path = ViewModel;
			sourceTree = "<group>";
		};
		B031F03229D47E7100B7F00F /* Views */ = {
			isa = PBXGroup;
			children = (
				B0CAE79F29C7FE6100E8A31E /* QuoteGeneratorView.swift */,
				B031F03329D47E7E00B7F00F /* ViewExtension.swift */,
			);
			path = Views;
			sourceTree = "<group>";
		};
		B031F03729D4A82D00B7F00F /* Utilities */ = {
			isa = PBXGroup;
			children = (
				B031F03529D4A82200B7F00F /* NetworkManager.swift */,
				B0CAE7AD29C7FF9400E8A31E /* Utils.swift */,
			);
			path = Utilities;
			sourceTree = "<group>";
		};
		B095ED122A213DE500C6D653 /* Documentation */ = {
			isa = PBXGroup;
			children = (
				B095ED132A213F0B00C6D653 /* Виджая_Отчёт_Индивидуальный_Проект.pdf */,
				B095ED152A2140B000C6D653 /* demo.gif */,
			);
			path = Documentation;
			sourceTree = "<group>";
		};
		B0CAE79129C7FE6100E8A31E = {
			isa = PBXGroup;
			children = (
				B0D13FD129DB3B8800841038 /* .gitignore */,
				B095ED122A213DE500C6D653 /* Documentation */,
				B0CAE79C29C7FE6100E8A31E /* MementoQuotes */,
				B0CAE79B29C7FE6100E8A31E /* Products */,
			);
			sourceTree = "<group>";
		};
		B0CAE79B29C7FE6100E8A31E /* Products */ = {
			isa = PBXGroup;
			children = (
				B0CAE79A29C7FE6100E8A31E /* MementoQuotes.app */,
			);
			name = Products;
			sourceTree = "<group>";
		};
		B0CAE79C29C7FE6100E8A31E /* MementoQuotes */ = {
			isa = PBXGroup;
			children = (
				B0CAE7B029C8048B00E8A31E /* Info.plist */,
				B0CAE7AF29C8037700E8A31E /* Config.xcconfig */,
				B0CAE79D29C7FE6100E8A31E /* MementoQuotesApp.swift */,
				B0CAE7B129C804E200E8A31E /* Env.swift */,
				B031F03729D4A82D00B7F00F /* Utilities */,
				B031F02D29D42E3D00B7F00F /* Memento */,
				B031F03029D4302C00B7F00F /* Model */,
				B031F03129D431F800B7F00F /* ViewModel */,
				B031F03229D47E7100B7F00F /* Views */,
				B0CAE7A129C7FE6300E8A31E /* Assets.xcassets */,
				B0CAE7A329C7FE6300E8A31E /* Preview Content */,
			);
			path = MementoQuotes;
			sourceTree = "<group>";
		};
		B0CAE7A329C7FE6300E8A31E /* Preview Content */ = {
			isa = PBXGroup;
			children = (
				B0CAE7A429C7FE6300E8A31E /* Preview Assets.xcassets */,
			);
			path = "Preview Content";
			sourceTree = "<group>";
		};
/* End PBXGroup section */

/* Begin PBXNativeTarget section */
		B0CAE79929C7FE6100E8A31E /* MementoQuotes */ = {
			isa = PBXNativeTarget;
			buildConfigurationList = B0CAE7A829C7FE6300E8A31E /* Build configuration list for PBXNativeTarget "MementoQuotes" */;
			buildPhases = (
				B0CAE79629C7FE6100E8A31E /* Sources */,
				B0CAE79729C7FE6100E8A31E /* Frameworks */,
				B0CAE79829C7FE6100E8A31E /* Resources */,
			);
			buildRules = (
			);
			dependencies = (
			);
			name = MementoQuotes;
			productName = MementoQuotes;
			productReference = B0CAE79A29C7FE6100E8A31E /* MementoQuotes.app */;
			productType = "com.apple.product-type.application";
		};
/* End PBXNativeTarget section */

/* Begin PBXProject section */
		B0CAE79229C7FE6100E8A31E /* Project object */ = {
			isa = PBXProject;
			attributes = {
				BuildIndependentTargetsInParallel = 1;
				LastSwiftUpdateCheck = 1420;
				LastUpgradeCheck = 1420;
				TargetAttributes = {
					B0CAE79929C7FE6100E8A31E = {
						CreatedOnToolsVersion = 14.2;
					};
				};
			};
			buildConfigurationList = B0CAE79529C7FE6100E8A31E /* Build configuration list for PBXProject "MementoQuotes" */;
			compatibilityVersion = "Xcode 14.0";
			developmentRegion = en;
			hasScannedForEncodings = 0;
			knownRegions = (
				en,
				Base,
			);
			mainGroup = B0CAE79129C7FE6100E8A31E;
			productRefGroup = B0CAE79B29C7FE6100E8A31E /* Products */;
			projectDirPath = "";
			projectRoot = "";
			targets = (
				B0CAE79929C7FE6100E8A31E /* MementoQuotes */,
			);
		};
/* End PBXProject section */

/* Begin PBXResourcesBuildPhase section */
		B0CAE79829C7FE6100E8A31E /* Resources */ = {
			isa = PBXResourcesBuildPhase;
			buildActionMask = 2147483647;
			files = (
				B0CAE7A529C7FE6300E8A31E /* Preview Assets.xcassets in Resources */,
				B0D13FD229DB3B8800841038 /* .gitignore in Resources */,
				B095ED162A2140B000C6D653 /* demo.gif in Resources */,
				B0CAE7A229C7FE6300E8A31E /* Assets.xcassets in Resources */,
				B095ED142A213F0B00C6D653 /* Виджая_Отчёт_Индивидуальный_Проект.pdf in Resources */,
			);
			runOnlyForDeploymentPostprocessing = 0;
		};
/* End PBXResourcesBuildPhase section */

/* Begin PBXSourcesBuildPhase section */
		B0CAE79629C7FE6100E8A31E /* Sources */ = {
			isa = PBXSourcesBuildPhase;
			buildActionMask = 2147483647;
			files = (
				B031F02F29D42E4700B7F00F /* Originator.swift in Sources */,
				B0CAE7AC29C7FF0600E8A31E /* QuoteModel.swift in Sources */,
				B031EFE729C8D8BA00B7F00F /* ImageModel.swift in Sources */,
				B0CAE7A029C7FE6100E8A31E /* QuoteGeneratorView.swift in Sources */,
				B031F03629D4A82300B7F00F /* NetworkManager.swift in Sources */,
				B031F03429D47E7E00B7F00F /* ViewExtension.swift in Sources */,
				B0CAE79E29C7FE6100E8A31E /* MementoQuotesApp.swift in Sources */,
				B031F00F29CC2E4100B7F00F /* QuoteGeneratorViewModel.swift in Sources */,
				B031F01129CC5D0A00B7F00F /* Memento.swift in Sources */,
				B0CAE7AE29C7FF9400E8A31E /* Utils.swift in Sources */,
				B0CAE7B229C804E200E8A31E /* Env.swift in Sources */,
			);
			runOnlyForDeploymentPostprocessing = 0;
		};
/* End PBXSourcesBuildPhase section */

/* Begin XCBuildConfiguration section */
		B0CAE7A629C7FE6300E8A31E /* Debug */ = {
			isa = XCBuildConfiguration;
			baseConfigurationReference = B0CAE7AF29C8037700E8A31E /* Config.xcconfig */;
			buildSettings = {
				ALWAYS_SEARCH_USER_PATHS = NO;
				CLANG_ANALYZER_NONNULL = YES;
				CLANG_ANALYZER_NUMBER_OBJECT_CONVERSION = YES_AGGRESSIVE;
				CLANG_CXX_LANGUAGE_STANDARD = "gnu++20";
				CLANG_ENABLE_MODULES = YES;
				CLANG_ENABLE_OBJC_ARC = YES;
				CLANG_ENABLE_OBJC_WEAK = YES;
				CLANG_WARN_BLOCK_CAPTURE_AUTORELEASING = YES;
				CLANG_WARN_BOOL_CONVERSION = YES;
				CLANG_WARN_COMMA = YES;
				CLANG_WARN_CONSTANT_CONVERSION = YES;
				CLANG_WARN_DEPRECATED_OBJC_IMPLEMENTATIONS = YES;
				CLANG_WARN_DIRECT_OBJC_ISA_USAGE = YES_ERROR;
				CLANG_WARN_DOCUMENTATION_COMMENTS = YES;
				CLANG_WARN_EMPTY_BODY = YES;
				CLANG_WARN_ENUM_CONVERSION = YES;
				CLANG_WARN_INFINITE_RECURSION = YES;
				CLANG_WARN_INT_CONVERSION = YES;
				CLANG_WARN_NON_LITERAL_NULL_CONVERSION = YES;
				CLANG_WARN_OBJC_IMPLICIT_RETAIN_SELF = YES;
				CLANG_WARN_OBJC_LITERAL_CONVERSION = YES;
				CLANG_WARN_OBJC_ROOT_CLASS = YES_ERROR;
				CLANG_WARN_QUOTED_INCLUDE_IN_FRAMEWORK_HEADER = YES;
				CLANG_WARN_RANGE_LOOP_ANALYSIS = YES;
				CLANG_WARN_STRICT_PROTOTYPES = YES;
				CLANG_WARN_SUSPICIOUS_MOVE = YES;
				CLANG_WARN_UNGUARDED_AVAILABILITY = YES_AGGRESSIVE;
				CLANG_WARN_UNREACHABLE_CODE = YES;
				CLANG_WARN__DUPLICATE_METHOD_MATCH = YES;
				COPY_PHASE_STRIP = NO;
				DEBUG_INFORMATION_FORMAT = dwarf;
				ENABLE_STRICT_OBJC_MSGSEND = YES;
				ENABLE_TESTABILITY = YES;
				GCC_C_LANGUAGE_STANDARD = gnu11;
				GCC_DYNAMIC_NO_PIC = NO;
				GCC_NO_COMMON_BLOCKS = YES;
				GCC_OPTIMIZATION_LEVEL = 0;
				GCC_PREPROCESSOR_DEFINITIONS = (
					"DEBUG=1",
					"$(inherited)",
				);
				GCC_WARN_64_TO_32_BIT_CONVERSION = YES;
				GCC_WARN_ABOUT_RETURN_TYPE = YES_ERROR;
				GCC_WARN_UNDECLARED_SELECTOR = YES;
				GCC_WARN_UNINITIALIZED_AUTOS = YES_AGGRESSIVE;
				GCC_WARN_UNUSED_FUNCTION = YES;
				GCC_WARN_UNUSED_VARIABLE = YES;
				IPHONEOS_DEPLOYMENT_TARGET = 16.2;
				MTL_ENABLE_DEBUG_INFO = INCLUDE_SOURCE;
				MTL_FAST_MATH = YES;
				ONLY_ACTIVE_ARCH = YES;
				SDKROOT = iphoneos;
				SWIFT_ACTIVE_COMPILATION_CONDITIONS = DEBUG;
				SWIFT_OPTIMIZATION_LEVEL = "-Onone";
			};
			name = Debug;
		};
		B0CAE7A729C7FE6300E8A31E /* Release */ = {
			isa = XCBuildConfiguration;
			baseConfigurationReference = B0CAE7AF29C8037700E8A31E /* Config.xcconfig */;
			buildSettings = {
				ALWAYS_SEARCH_USER_PATHS = NO;
				CLANG_ANALYZER_NONNULL = YES;
				CLANG_ANALYZER_NUMBER_OBJECT_CONVERSION = YES_AGGRESSIVE;
				CLANG_CXX_LANGUAGE_STANDARD = "gnu++20";
				CLANG_ENABLE_MODULES = YES;
				CLANG_ENABLE_OBJC_ARC = YES;
				CLANG_ENABLE_OBJC_WEAK = YES;
				CLANG_WARN_BLOCK_CAPTURE_AUTORELEASING = YES;
				CLANG_WARN_BOOL_CONVERSION = YES;
				CLANG_WARN_COMMA = YES;
				CLANG_WARN_CONSTANT_CONVERSION = YES;
				CLANG_WARN_DEPRECATED_OBJC_IMPLEMENTATIONS = YES;
				CLANG_WARN_DIRECT_OBJC_ISA_USAGE = YES_ERROR;
				CLANG_WARN_DOCUMENTATION_COMMENTS = YES;
				CLANG_WARN_EMPTY_BODY = YES;
				CLANG_WARN_ENUM_CONVERSION = YES;
				CLANG_WARN_INFINITE_RECURSION = YES;
				CLANG_WARN_INT_CONVERSION = YES;
				CLANG_WARN_NON_LITERAL_NULL_CONVERSION = YES;
				CLANG_WARN_OBJC_IMPLICIT_RETAIN_SELF = YES;
				CLANG_WARN_OBJC_LITERAL_CONVERSION = YES;
				CLANG_WARN_OBJC_ROOT_CLASS = YES_ERROR;
				CLANG_WARN_QUOTED_INCLUDE_IN_FRAMEWORK_HEADER = YES;
				CLANG_WARN_RANGE_LOOP_ANALYSIS = YES;
				CLANG_WARN_STRICT_PROTOTYPES = YES;
				CLANG_WARN_SUSPICIOUS_MOVE = YES;
				CLANG_WARN_UNGUARDED_AVAILABILITY = YES_AGGRESSIVE;
				CLANG_WARN_UNREACHABLE_CODE = YES;
				CLANG_WARN__DUPLICATE_METHOD_MATCH = YES;
				COPY_PHASE_STRIP = NO;
				DEBUG_INFORMATION_FORMAT = "dwarf-with-dsym";
				ENABLE_NS_ASSERTIONS = NO;
				ENABLE_STRICT_OBJC_MSGSEND = YES;
				GCC_C_LANGUAGE_STANDARD = gnu11;
				GCC_NO_COMMON_BLOCKS = YES;
				GCC_WARN_64_TO_32_BIT_CONVERSION = YES;
				GCC_WARN_ABOUT_RETURN_TYPE = YES_ERROR;
				GCC_WARN_UNDECLARED_SELECTOR = YES;
				GCC_WARN_UNINITIALIZED_AUTOS = YES_AGGRESSIVE;
				GCC_WARN_UNUSED_FUNCTION = YES;
				GCC_WARN_UNUSED_VARIABLE = YES;
				IPHONEOS_DEPLOYMENT_TARGET = 16.2;
				MTL_ENABLE_DEBUG_INFO = NO;
				MTL_FAST_MATH = YES;
				SDKROOT = iphoneos;
				SWIFT_COMPILATION_MODE = wholemodule;
				SWIFT_OPTIMIZATION_LEVEL = "-O";
				VALIDATE_PRODUCT = YES;
			};
			name = Release;
		};
		B0CAE7A929C7FE6300E8A31E /* Debug */ = {
			isa = XCBuildConfiguration;
			buildSettings = {
				ASSETCATALOG_COMPILER_APPICON_NAME = AppIcon;
				ASSETCATALOG_COMPILER_GLOBAL_ACCENT_COLOR_NAME = AccentColor;
				CODE_SIGN_STYLE = Automatic;
				CURRENT_PROJECT_VERSION = 1;
				DEVELOPMENT_ASSET_PATHS = "\"MementoQuotes/Preview Content\"";
				DEVELOPMENT_TEAM = F4UY8YURNN;
				ENABLE_PREVIEWS = YES;
				GENERATE_INFOPLIST_FILE = YES;
				INFOPLIST_FILE = MementoQuotes/Info.plist;
				INFOPLIST_KEY_NSPhotoLibraryAddUsageDescription = "";
				INFOPLIST_KEY_UIApplicationSceneManifest_Generation = YES;
				INFOPLIST_KEY_UIApplicationSupportsIndirectInputEvents = YES;
				INFOPLIST_KEY_UILaunchScreen_Generation = YES;
				INFOPLIST_KEY_UISupportedInterfaceOrientations_iPad = "UIInterfaceOrientationPortrait UIInterfaceOrientationPortraitUpsideDown UIInterfaceOrientationLandscapeLeft UIInterfaceOrientationLandscapeRight";
				INFOPLIST_KEY_UISupportedInterfaceOrientations_iPhone = "UIInterfaceOrientationPortrait UIInterfaceOrientationLandscapeLeft UIInterfaceOrientationLandscapeRight";
				IPHONEOS_DEPLOYMENT_TARGET = 16.2;
				LD_RUNPATH_SEARCH_PATHS = (
					"$(inherited)",
					"@executable_path/Frameworks",
				);
				MARKETING_VERSION = 1.0;
				PRODUCT_BUNDLE_IDENTIFIER = com.StevenWijaya.MementoQuotes;
				PRODUCT_NAME = "$(TARGET_NAME)";
				SWIFT_EMIT_LOC_STRINGS = YES;
				SWIFT_VERSION = 5.0;
				TARGETED_DEVICE_FAMILY = "1,2";
			};
			name = Debug;
		};
		B0CAE7AA29C7FE6300E8A31E /* Release */ = {
			isa = XCBuildConfiguration;
			buildSettings = {
				ASSETCATALOG_COMPILER_APPICON_NAME = AppIcon;
				ASSETCATALOG_COMPILER_GLOBAL_ACCENT_COLOR_NAME = AccentColor;
				CODE_SIGN_STYLE = Automatic;
				CURRENT_PROJECT_VERSION = 1;
				DEVELOPMENT_ASSET_PATHS = "\"MementoQuotes/Preview Content\"";
				DEVELOPMENT_TEAM = F4UY8YURNN;
				ENABLE_PREVIEWS = YES;
				GENERATE_INFOPLIST_FILE = YES;
				INFOPLIST_FILE = MementoQuotes/Info.plist;
				INFOPLIST_KEY_NSPhotoLibraryAddUsageDescription = "";
				INFOPLIST_KEY_UIApplicationSceneManifest_Generation = YES;
				INFOPLIST_KEY_UIApplicationSupportsIndirectInputEvents = YES;
				INFOPLIST_KEY_UILaunchScreen_Generation = YES;
				INFOPLIST_KEY_UISupportedInterfaceOrientations_iPad = "UIInterfaceOrientationPortrait UIInterfaceOrientationPortraitUpsideDown UIInterfaceOrientationLandscapeLeft UIInterfaceOrientationLandscapeRight";
				INFOPLIST_KEY_UISupportedInterfaceOrientations_iPhone = "UIInterfaceOrientationPortrait UIInterfaceOrientationLandscapeLeft UIInterfaceOrientationLandscapeRight";
				IPHONEOS_DEPLOYMENT_TARGET = 16.2;
				LD_RUNPATH_SEARCH_PATHS = (
					"$(inherited)",
					"@executable_path/Frameworks",
				);
				MARKETING_VERSION = 1.0;
				PRODUCT_BUNDLE_IDENTIFIER = com.StevenWijaya.MementoQuotes;
				PRODUCT_NAME = "$(TARGET_NAME)";
				SWIFT_EMIT_LOC_STRINGS = YES;
				SWIFT_VERSION = 5.0;
				TARGETED_DEVICE_FAMILY = "1,2";
			};
			name = Release;
		};
/* End XCBuildConfiguration section */

/* Begin XCConfigurationList section */
		B0CAE79529C7FE6100E8A31E /* Build configuration list for PBXProject "MementoQuotes" */ = {
			isa = XCConfigurationList;
			buildConfigurations = (
				B0CAE7A629C7FE6300E8A31E /* Debug */,
				B0CAE7A729C7FE6300E8A31E /* Release */,
			);
			defaultConfigurationIsVisible = 0;
			defaultConfigurationName = Release;
		};
		B0CAE7A829C7FE6300E8A31E /* Build configuration list for PBXNativeTarget "MementoQuotes" */ = {
			isa = XCConfigurationList;
			buildConfigurations = (
				B0CAE7A929C7FE6300E8A31E /* Debug */,
				B0CAE7AA29C7FE6300E8A31E /* Release */,
			);
			defaultConfigurationIsVisible = 0;
			defaultConfigurationName = Release;
		};
/* End XCConfigurationList section */
	};
	rootObject = B0CAE79229C7FE6100E8A31E /* Project object */;
}
